
Microsoft Visual Studio Solution File, Format Version 12.00
# Visual Studio 15
VisualStudioVersion = 15.0.28307.960
MinimumVisualStudioVersion = 10.0.40219.1
Project("{FAE04EC0-301F-11D3-BF4B-00C04F79EFBC}") = "SonProje.Business", "SonProje.Business\SonProje.Business.csproj", "{8E4FBEE2-C573-483E-9E3D-67C4ED62971E}"
EndProject
Project("{FAE04EC0-301F-11D3-BF4B-00C04F79EFBC}") = "SonProje.Data", "SonProje.Data\SonProje.Data.csproj", "{CFDB68E1-D81F-4D61-87A8-8CEFBB378194}"
EndProject
Project("{FAE04EC0-301F-11D3-BF4B-00C04F79EFBC}") = "SonProje.UIWeb", "SonProje.UIWeb\SonProje.UIWeb.csproj", "{C5EDAF49-2F55-450B-81DC-26E4DF57538E}"
EndProject
Global
	GlobalSection(SolutionConfigurationPlatforms) = preSolution
		Debug|Any CPU = Debug|Any CPU
		Release|Any CPU = Release|Any CPU
	EndGlobalSection
	GlobalSection(ProjectConfigurationPlatforms) = postSolution
		{8E4FBEE2-C573-483E-9E3D-67C4ED62971E}.Debug|Any CPU.ActiveCfg = Debug|Any CPU
		{8E4FBEE2-C573-483E-9E3D-67C4ED62971E}.Debug|Any CPU.Build.0 = Debug|Any CPU
		{8E4FBEE2-C573-483E-9E3D-67C4ED62971E}.Release|Any CPU.ActiveCfg = Release|Any CPU
		{8E4FBEE2-C573-483E-9E3D-67C4ED62971E}.Release|Any CPU.Build.0 = Release|Any CPU
		{CFDB68E1-D81F-4D61-87A8-8CEFBB378194}.Debug|Any CPU.ActiveCfg = Debug|Any CPU
		{CFDB68E1-D81F-4D61-87A8-8CEFBB378194}.Debug|Any CPU.Build.0 = Debug|Any CPU
		{CFDB68E1-D81F-4D61-87A8-8CEFBB378194}.Release|Any CPU.ActiveCfg = Release|Any CPU
		{CFDB68E1-D81F-4D61-87A8-8CEFBB378194}.Release|Any CPU.Build.0 = Release|Any CPU
		{C5EDAF49-2F55-450B-81DC-26E4DF57538E}.Debug|Any CPU.ActiveCfg = Debug|Any CPU
		{C5EDAF49-2F55-450B-81DC-26E4DF57538E}.Debug|Any CPU.Build.0 = Debug|Any CPU
		{C5EDAF49-2F55-450B-81DC-26E4DF57538E}.Release|Any CPU.ActiveCfg = Release|Any CPU
		{C5EDAF49-2F55-450B-81DC-26E4DF57538E}.Release|Any CPU.Build.0 = Release|Any CPU
	EndGlobalSection
	GlobalSection(SolutionProperties) = preSolution
		HideSolutionNode = FALSE
	EndGlobalSection
	GlobalSection(ExtensibilityGlobals) = postSolution
		SolutionGuid = {B1DE85E3-E387-4AEC-8DCC-389949A47138}
	EndGlobalSection
EndGlobal
